
Microsoft Visual Studio Solution File, Format Version 12.00
Project("{FAE04EC0-301F-11D3-BF4B-00C04F79EFBC}") = "EmailCrawler", "EmailCrawler\EmailCrawler.csproj", "{325A9297-AB04-42F4-948C-DAAD9C73038B}"
EndProject
Project("{FAE04EC0-301F-11D3-BF4B-00C04F79EFBC}") = "EmailCrawler.Tests", "EmailCrawler.Tests\EmailCrawler.Tests.csproj", "{8224D614-3051-4249-950D-AC1F3D90A5F5}"
EndProject
Global
	GlobalSection(SolutionConfigurationPlatforms) = preSolution
		Debug|Any CPU = Debug|Any CPU
		Release|Any CPU = Release|Any CPU
	EndGlobalSection
	GlobalSection(ProjectConfigurationPlatforms) = postSolution
		{325A9297-AB04-42F4-948C-DAAD9C73038B}.Debug|Any CPU.ActiveCfg = Debug|Any CPU
		{325A9297-AB04-42F4-948C-DAAD9C73038B}.Debug|Any CPU.Build.0 = Debug|Any CPU
		{325A9297-AB04-42F4-948C-DAAD9C73038B}.Release|Any CPU.ActiveCfg = Release|Any CPU
		{325A9297-AB04-42F4-948C-DAAD9C73038B}.Release|Any CPU.Build.0 = Release|Any CPU
		{8224D614-3051-4249-950D-AC1F3D90A5F5}.Debug|Any CPU.ActiveCfg = Debug|Any CPU
		{8224D614-3051-4249-950D-AC1F3D90A5F5}.Debug|Any CPU.Build.0 = Debug|Any CPU
		{8224D614-3051-4249-950D-AC1F3D90A5F5}.Release|Any CPU.ActiveCfg = Release|Any CPU
		{8224D614-3051-4249-950D-AC1F3D90A5F5}.Release|Any CPU.Build.0 = Release|Any CPU
	EndGlobalSection
EndGlobal
